<Solution>
  <Folder Name="/src/">
    <Project Path="src/GestorIA.Api/GestorIA.Api.csproj" />
    <Project Path="src/GestorIA.Domain/GestorIA.Domain.csproj" />
    <Project Path="src/GestorIA.Infrastructure/GestorIA.Infrastructure.csproj" />
  </Folder>
  <Folder Name="/tests/">
    <Project Path="tests/GestorIA.Domain.Tests/GestorIA.Domain.Tests.csproj" />
  </Folder>
</Solution>
